
Microsoft Visual Studio Solution File, Format Version 12.00
# Visual Studio Version 17
VisualStudioVersion = 17.0.31903.59
MinimumVisualStudioVersion = 10.0.40219.1
Project("{2150E333-8FDC-42A3-9474-1A3956D46DE8}") = "src", "src", "{827E0CD3-B72D-47B6-A68D-7590B98EB39B}"
EndProject
Project("{FAE04EC0-301F-11D3-BF4B-00C04F79EFBC}") = "Seatwise.Contracts", "src\Seatwise.Contracts\Seatwise.Contracts.csproj", "{556206A4-F704-44E0-9333-9CD9DE6CE135}"
EndProject
Project("{FAE04EC0-301F-11D3-BF4B-00C04F79EFBC}") = "Seatwise.Ordering.Domain", "src\Seatwise.Ordering.Domain\Seatwise.Ordering.Domain.csproj", "{B76C5A6C-1058-4702-A855-46DC35502597}"
EndProject
Project("{FAE04EC0-301F-11D3-BF4B-00C04F79EFBC}") = "Seatwise.Ordering.Api", "src\Seatwise.Ordering.Api\Seatwise.Ordering.Api.csproj", "{A862A78E-DCE9-41F4-B439-9EA1B8828657}"
EndProject
Project("{FAE04EC0-301F-11D3-BF4B-00C04F79EFBC}") = "Seatwise.Catalog.Api", "src\Seatwise.Catalog.Api\Seatwise.Catalog.Api.csproj", "{4481C789-FCA5-4F10-BB5E-175CF27B0AD4}"
EndProject
Project("{FAE04EC0-301F-11D3-BF4B-00C04F79EFBC}") = "Seatwise.Identity", "src\Seatwise.Identity\Seatwise.Identity.csproj", "{98F1015C-B12A-4E48-BA0F-822048A9F9C5}"
EndProject
Project("{FAE04EC0-301F-11D3-BF4B-00C04F79EFBC}") = "Seatwise.Gateway", "src\Seatwise.Gateway\Seatwise.Gateway.csproj", "{C1B28168-22C2-458E-8AD3-05C9F206984A}"
EndProject
Project("{FAE04EC0-301F-11D3-BF4B-00C04F79EFBC}") = "Seatwise.Payments.Api", "src\Seatwise.Payments.Api\Seatwise.Payments.Api.csproj", "{3A608B8B-2CE4-4598-9108-B9F514DE8501}"
EndProject
Project("{FAE04EC0-301F-11D3-BF4B-00C04F79EFBC}") = "Seatwise.Notifications.Worker", "src\Seatwise.Notifications.Worker\Seatwise.Notifications.Worker.csproj", "{E1E3AAD2-A7A4-4CE5-A116-0B716734D9F1}"
EndProject
Project("{2150E333-8FDC-42A3-9474-1A3956D46DE8}") = "tests", "tests", "{0AB3BF05-4346-4AA6-1389-037BE0695223}"
EndProject
Project("{FAE04EC0-301F-11D3-BF4B-00C04F79EFBC}") = "Seatwise.Ordering.Tests", "tests\Seatwise.Ordering.Tests\Seatwise.Ordering.Tests.csproj", "{5CCD35BA-70B1-4EC5-B6A0-B7C0ACB57327}"
EndProject
Global
	GlobalSection(SolutionConfigurationPlatforms) = preSolution
		Debug|Any CPU = Debug|Any CPU
		Debug|x64 = Debug|x64
		Debug|x86 = Debug|x86
		Release|Any CPU = Release|Any CPU
		Release|x64 = Release|x64
		Release|x86 = Release|x86
	EndGlobalSection
	GlobalSection(ProjectConfigurationPlatforms) = postSolution
		{556206A4-F704-44E0-9333-9CD9DE6CE135}.Debug|Any CPU.ActiveCfg = Debug|Any CPU
		{556206A4-F704-44E0-9333-9CD9DE6CE135}.Debug|Any CPU.Build.0 = Debug|Any CPU
		{556206A4-F704-44E0-9333-9CD9DE6CE135}.Debug|x64.ActiveCfg = Debug|Any CPU
		{556206A4-F704-44E0-9333-9CD9DE6CE135}.Debug|x64.Build.0 = Debug|Any CPU
		{556206A4-F704-44E0-9333-9CD9DE6CE135}.Debug|x86.ActiveCfg = Debug|Any CPU
		{556206A4-F704-44E0-9333-9CD9DE6CE135}.Debug|x86.Build.0 = Debug|Any CPU
		{556206A4-F704-44E0-9333-9CD9DE6CE135}.Release|Any CPU.ActiveCfg = Release|Any CPU
		{556206A4-F704-44E0-9333-9CD9DE6CE135}.Release|Any CPU.Build.0 = Release|Any CPU
		{556206A4-F704-44E0-9333-9CD9DE6CE135}.Release|x64.ActiveCfg = Release|Any CPU
		{556206A4-F704-44E0-9333-9CD9DE6CE135}.Release|x64.Build.0 = Release|Any CPU
		{556206A4-F704-44E0-9333-9CD9DE6CE135}.Release|x86.ActiveCfg = Release|Any CPU
		{556206A4-F704-44E0-9333-9CD9DE6CE135}.Release|x86.Build.0 = Release|Any CPU
		{B76C5A6C-1058-4702-A855-46DC35502597}.Debug|Any CPU.ActiveCfg = Debug|Any CPU
		{B76C5A6C-1058-4702-A855-46DC35502597}.Debug|Any CPU.Build.0 = Debug|Any CPU
		{B76C5A6C-1058-4702-A855-46DC35502597}.Debug|x64.ActiveCfg = Debug|Any CPU
		{B76C5A6C-1058-4702-A855-46DC35502597}.Debug|x64.Build.0 = Debug|Any CPU
		{B76C5A6C-1058-4702-A855-46DC35502597}.Debug|x86.ActiveCfg = Debug|Any CPU
		{B76C5A6C-1058-4702-A855-46DC35502597}.Debug|x86.Build.0 = Debug|Any CPU
		{B76C5A6C-1058-4702-A855-46DC35502597}.Release|Any CPU.ActiveCfg = Release|Any CPU
		{B76C5A6C-1058-4702-A855-46DC35502597}.Release|Any CPU.Build.0 = Release|Any CPU
		{B76C5A6C-1058-4702-A855-46DC35502597}.Release|x64.ActiveCfg = Release|Any CPU
		{B76C5A6C-1058-4702-A855-46DC35502597}.Release|x64.Build.0 = Release|Any CPU
		{B76C5A6C-1058-4702-A855-46DC35502597}.Release|x86.ActiveCfg = Release|Any CPU
		{B76C5A6C-1058-4702-A855-46DC35502597}.Release|x86.Build.0 = Release|Any CPU
		{A862A78E-DCE9-41F4-B439-9EA1B8828657}.Debug|Any CPU.ActiveCfg = Debug|Any CPU
		{A862A78E-DCE9-41F4-B439-9EA1B8828657}.Debug|Any CPU.Build.0 = Debug|Any CPU
		{A862A78E-DCE9-41F4-B439-9EA1B8828657}.Debug|x64.ActiveCfg = Debug|Any CPU
		{A862A78E-DCE9-41F4-B439-9EA1B8828657}.Debug|x64.Build.0 = Debug|Any CPU
		{A862A78E-DCE9-41F4-B439-9EA1B8828657}.Debug|x86.ActiveCfg = Debug|Any CPU
		{A862A78E-DCE9-41F4-B439-9EA1B8828657}.Debug|x86.Build.0 = Debug|Any CPU
		{A862A78E-DCE9-41F4-B439-9EA1B8828657}.Release|Any CPU.ActiveCfg = Release|Any CPU
		{A862A78E-DCE9-41F4-B439-9EA1B8828657}.Release|Any CPU.Build.0 = Release|Any CPU
		{A862A78E-DCE9-41F4-B439-9EA1B8828657}.Release|x64.ActiveCfg = Release|Any CPU
		{A862A78E-DCE9-41F4-B439-9EA1B8828657}.Release|x64.Build.0 = Release|Any CPU
		{A862A78E-DCE9-41F4-B439-9EA1B8828657}.Release|x86.ActiveCfg = Release|Any CPU
		{A862A78E-DCE9-41F4-B439-9EA1B8828657}.Release|x86.Build.0 = Release|Any CPU
		{4481C789-FCA5-4F10-BB5E-175CF27B0AD4}.Debug|Any CPU.ActiveCfg = Debug|Any CPU
		{4481C789-FCA5-4F10-BB5E-175CF27B0AD4}.Debug|Any CPU.Build.0 = Debug|Any CPU
		{4481C789-FCA5-4F10-BB5E-175CF27B0AD4}.Debug|x64.ActiveCfg = Debug|Any CPU
		{4481C789-FCA5-4F10-BB5E-175CF27B0AD4}.Debug|x64.Build.0 = Debug|Any CPU
		{4481C789-FCA5-4F10-BB5E-175CF27B0AD4}.Debug|x86.ActiveCfg = Debug|Any CPU
		{4481C789-FCA5-4F10-BB5E-175CF27B0AD4}.Debug|x86.Build.0 = Debug|Any CPU
		{4481C789-FCA5-4F10-BB5E-175CF27B0AD4}.Release|Any CPU.ActiveCfg = Release|Any CPU
		{4481C789-FCA5-4F10-BB5E-175CF27B0AD4}.Release|Any CPU.Build.0 = Release|Any CPU
		{4481C789-FCA5-4F10-BB5E-175CF27B0AD4}.Release|x64.ActiveCfg = Release|Any CPU
		{4481C789-FCA5-4F10-BB5E-175CF27B0AD4}.Release|x64.Build.0 = Release|Any CPU
		{4481C789-FCA5-4F10-BB5E-175CF27B0AD4}.Release|x86.ActiveCfg = Release|Any CPU
		{4481C789-FCA5-4F10-BB5E-175CF27B0AD4}.Release|x86.Build.0 = Release|Any CPU
		{98F1015C-B12A-4E48-BA0F-822048A9F9C5}.Debug|Any CPU.ActiveCfg = Debug|Any CPU
		{98F1015C-B12A-4E48-BA0F-822048A9F9C5}.Debug|Any CPU.Build.0 = Debug|Any CPU
		{98F1015C-B12A-4E48-BA0F-822048A9F9C5}.Debug|x64.ActiveCfg = Debug|Any CPU
		{98F1015C-B12A-4E48-BA0F-822048A9F9C5}.Debug|x64.Build.0 = Debug|Any CPU
		{98F1015C-B12A-4E48-BA0F-822048A9F9C5}.Debug|x86.ActiveCfg = Debug|Any CPU
		{98F1015C-B12A-4E48-BA0F-822048A9F9C5}.Debug|x86.Build.0 = Debug|Any CPU
		{98F1015C-B12A-4E48-BA0F-822048A9F9C5}.Release|Any CPU.ActiveCfg = Release|Any CPU
		{98F1015C-B12A-4E48-BA0F-822048A9F9C5}.Release|Any CPU.Build.0 = Release|Any CPU
		{98F1015C-B12A-4E48-BA0F-822048A9F9C5}.Release|x64.ActiveCfg = Release|Any CPU
		{98F1015C-B12A-4E48-BA0F-822048A9F9C5}.Release|x64.Build.0 = Release|Any CPU
		{98F1015C-B12A-4E48-BA0F-822048A9F9C5}.Release|x86.ActiveCfg = Release|Any CPU
		{98F1015C-B12A-4E48-BA0F-822048A9F9C5}.Release|x86.Build.0 = Release|Any CPU
		{C1B28168-22C2-458E-8AD3-05C9F206984A}.Debug|Any CPU.ActiveCfg = Debug|Any CPU
		{C1B28168-22C2-458E-8AD3-05C9F206984A}.Debug|Any CPU.Build.0 = Debug|Any CPU
		{C1B28168-22C2-458E-8AD3-05C9F206984A}.Debug|x64.ActiveCfg = Debug|Any CPU
		{C1B28168-22C2-458E-8AD3-05C9F206984A}.Debug|x64.Build.0 = Debug|Any CPU
		{C1B28168-22C2-458E-8AD3-05C9F206984A}.Debug|x86.ActiveCfg = Debug|Any CPU
		{C1B28168-22C2-458E-8AD3-05C9F206984A}.Debug|x86.Build.0 = Debug|Any CPU
		{C1B28168-22C2-458E-8AD3-05C9F206984A}.Release|Any CPU.ActiveCfg = Release|Any CPU
		{C1B28168-22C2-458E-8AD3-05C9F206984A}.Release|Any CPU.Build.0 = Release|Any CPU
		{C1B28168-22C2-458E-8AD3-05C9F206984A}.Release|x64.ActiveCfg = Release|Any CPU
		{C1B28168-22C2-458E-8AD3-05C9F206984A}.Release|x64.Build.0 = Release|Any CPU
		{C1B28168-22C2-458E-8AD3-05C9F206984A}.Release|x86.ActiveCfg = Release|Any CPU
		{C1B28168-22C2-458E-8AD3-05C9F206984A}.Release|x86.Build.0 = Release|Any CPU
		{3A608B8B-2CE4-4598-9108-B9F514DE8501}.Debug|Any CPU.ActiveCfg = Debug|Any CPU
		{3A608B8B-2CE4-4598-9108-B9F514DE8501}.Debug|Any CPU.Build.0 = Debug|Any CPU
		{3A608B8B-2CE4-4598-9108-B9F514DE8501}.Debug|x64.ActiveCfg = Debug|Any CPU
		{3A608B8B-2CE4-4598-9108-B9F514DE8501}.Debug|x64.Build.0 = Debug|Any CPU
		{3A608B8B-2CE4-4598-9108-B9F514DE8501}.Debug|x86.ActiveCfg = Debug|Any CPU
		{3A608B8B-2CE4-4598-9108-B9F514DE8501}.Debug|x86.Build.0 = Debug|Any CPU
		{3A608B8B-2CE4-4598-9108-B9F514DE8501}.Release|Any CPU.ActiveCfg = Release|Any CPU
		{3A608B8B-2CE4-4598-9108-B9F514DE8501}.Release|Any CPU.Build.0 = Release|Any CPU
		{3A608B8B-2CE4-4598-9108-B9F514DE8501}.Release|x64.ActiveCfg = Release|Any CPU
		{3A608B8B-2CE4-4598-9108-B9F514DE8501}.Release|x64.Build.0 = Release|Any CPU
		{3A608B8B-2CE4-4598-9108-B9F514DE8501}.Release|x86.ActiveCfg = Release|Any CPU
		{3A608B8B-2CE4-4598-9108-B9F514DE8501}.Release|x86.Build.0 = Release|Any CPU
		{E1E3AAD2-A7A4-4CE5-A116-0B716734D9F1}.Debug|Any CPU.ActiveCfg = Debug|Any CPU
		{E1E3AAD2-A7A4-4CE5-A116-0B716734D9F1}.Debug|Any CPU.Build.0 = Debug|Any CPU
		{E1E3AAD2-A7A4-4CE5-A116-0B716734D9F1}.Debug|x64.ActiveCfg = Debug|Any CPU
		{E1E3AAD2-A7A4-4CE5-A116-0B716734D9F1}.Debug|x64.Build.0 = Debug|Any CPU
		{E1E3AAD2-A7A4-4CE5-A116-0B716734D9F1}.Debug|x86.ActiveCfg = Debug|Any CPU
		{E1E3AAD2-A7A4-4CE5-A116-0B716734D9F1}.Debug|x86.Build.0 = Debug|Any CPU
		{E1E3AAD2-A7A4-4CE5-A116-0B716734D9F1}.Release|Any CPU.ActiveCfg = Release|Any CPU
		{E1E3AAD2-A7A4-4CE5-A116-0B716734D9F1}.Release|Any CPU.Build.0 = Release|Any CPU
		{E1E3AAD2-A7A4-4CE5-A116-0B716734D9F1}.Release|x64.ActiveCfg = Release|Any CPU
		{E1E3AAD2-A7A4-4CE5-A116-0B716734D9F1}.Release|x64.Build.0 = Release|Any CPU
		{E1E3AAD2-A7A4-4CE5-A116-0B716734D9F1}.Release|x86.ActiveCfg = Release|Any CPU
		{E1E3AAD2-A7A4-4CE5-A116-0B716734D9F1}.Release|x86.Build.0 = Release|Any CPU
		{5CCD35BA-70B1-4EC5-B6A0-B7C0ACB57327}.Debug|Any CPU.ActiveCfg = Debug|Any CPU
		{5CCD35BA-70B1-4EC5-B6A0-B7C0ACB57327}.Debug|Any CPU.Build.0 = Debug|Any CPU
		{5CCD35BA-70B1-4EC5-B6A0-B7C0ACB57327}.Debug|x64.ActiveCfg = Debug|Any CPU
		{5CCD35BA-70B1-4EC5-B6A0-B7C0ACB57327}.Debug|x64.Build.0 = Debug|Any CPU
		{5CCD35BA-70B1-4EC5-B6A0-B7C0ACB57327}.Debug|x86.ActiveCfg = Debug|Any CPU
		{5CCD35BA-70B1-4EC5-B6A0-B7C0ACB57327}.Debug|x86.Build.0 = Debug|Any CPU
		{5CCD35BA-70B1-4EC5-B6A0-B7C0ACB57327}.Release|Any CPU.ActiveCfg = Release|Any CPU
		{5CCD35BA-70B1-4EC5-B6A0-B7C0ACB57327}.Release|Any CPU.Build.0 = Release|Any CPU
		{5CCD35BA-70B1-4EC5-B6A0-B7C0ACB57327}.Release|x64.ActiveCfg = Release|Any CPU
		{5CCD35BA-70B1-4EC5-B6A0-B7C0ACB57327}.Release|x64.Build.0 = Release|Any CPU
		{5CCD35BA-70B1-4EC5-B6A0-B7C0ACB57327}.Release|x86.ActiveCfg = Release|Any CPU
		{5CCD35BA-70B1-4EC5-B6A0-B7C0ACB57327}.Release|x86.Build.0 = Release|Any CPU
	EndGlobalSection
	GlobalSection(SolutionProperties) = preSolution
		HideSolutionNode = FALSE
	EndGlobalSection
	GlobalSection(NestedProjects) = preSolution
		{556206A4-F704-44E0-9333-9CD9DE6CE135} = {827E0CD3-B72D-47B6-A68D-7590B98EB39B}
		{B76C5A6C-1058-4702-A855-46DC35502597} = {827E0CD3-B72D-47B6-A68D-7590B98EB39B}
		{A862A78E-DCE9-41F4-B439-9EA1B8828657} = {827E0CD3-B72D-47B6-A68D-7590B98EB39B}
		{4481C789-FCA5-4F10-BB5E-175CF27B0AD4} = {827E0CD3-B72D-47B6-A68D-7590B98EB39B}
		{98F1015C-B12A-4E48-BA0F-822048A9F9C5} = {827E0CD3-B72D-47B6-A68D-7590B98EB39B}
		{C1B28168-22C2-458E-8AD3-05C9F206984A} = {827E0CD3-B72D-47B6-A68D-7590B98EB39B}
		{3A608B8B-2CE4-4598-9108-B9F514DE8501} = {827E0CD3-B72D-47B6-A68D-7590B98EB39B}
		{E1E3AAD2-A7A4-4CE5-A116-0B716734D9F1} = {827E0CD3-B72D-47B6-A68D-7590B98EB39B}
		{5CCD35BA-70B1-4EC5-B6A0-B7C0ACB57327} = {0AB3BF05-4346-4AA6-1389-037BE0695223}
	EndGlobalSection
EndGlobal
